
Microsoft Visual Studio Solution File, Format Version 12.00
# Visual Studio 14
VisualStudioVersion = 14.0.25420.1
MinimumVisualStudioVersion = 10.0.40219.1
Project("{8BC9CEB8-8B4A-11D0-8D11-00A0C91BC942}") = "simple_factory", "simple_factory\simple_factory.vcxproj", "{C93E9A7E-87C6-4D4D-A745-651F95AEE57C}"
EndProject
Project("{8BC9CEB8-8B4A-11D0-8D11-00A0C91BC942}") = "factory", "factory\factory.vcxproj", "{CE71F7AD-C435-4741-B907-639BF4E344E6}"
EndProject
Project("{8BC9CEB8-8B4A-11D0-8D11-00A0C91BC942}") = "abstract_factory", "abstract_factory\abstract_factory.vcxproj", "{284C6329-945E-44F2-B994-A19EE6EB2881}"
EndProject
Project("{8BC9CEB8-8B4A-11D0-8D11-00A0C91BC942}") = "singleton", "singleton\singleton.vcxproj", "{AE00F14A-50BF-4F6A-B7D4-66520063804B}"
EndProject
Project("{8BC9CEB8-8B4A-11D0-8D11-00A0C91BC942}") = "RegistrySingleton", "RegistrySingleton\RegistrySingleton.vcxproj", "{EB689CD7-3B0D-4C55-85AB-F7115E09C711}"
EndProject
Project("{8BC9CEB8-8B4A-11D0-8D11-00A0C91BC942}") = "multiLingual_Proj", "multiLingual_Proj\multiLingual_Proj.vcxproj", "{873A190A-A831-4D36-8220-AE64756CEDD5}"
EndProject
Project("{8BC9CEB8-8B4A-11D0-8D11-00A0C91BC942}") = "builderProj", "builderProj\builderProj.vcxproj", "{B93F7804-7E09-4420-B345-E361994AF59D}"
EndProject
Project("{8BC9CEB8-8B4A-11D0-8D11-00A0C91BC942}") = "prototypeProj", "prototypeProj\prototypeProj.vcxproj", "{23686C82-ABAD-4E45-9B5E-B0F88B2BF661}"
EndProject
Project("{8BC9CEB8-8B4A-11D0-8D11-00A0C91BC942}") = "AdapterProj", "AdapterProj\AdapterProj.vcxproj", "{D9E29745-4EB0-46AE-983D-46E5FB43C39B}"
EndProject
Project("{8BC9CEB8-8B4A-11D0-8D11-00A0C91BC942}") = "composite_pattern", "composite_pattern\composite_pattern.vcxproj", "{4C4AF735-E246-47AF-BE06-FFB53930EC40}"
EndProject
Project("{8BC9CEB8-8B4A-11D0-8D11-00A0C91BC942}") = "DecoratorProj", "DecoratorProj\DecoratorProj.vcxproj", "{9D2698C3-5849-44B7-8909-E6A45F3C8B69}"
EndProject
Project("{8BC9CEB8-8B4A-11D0-8D11-00A0C91BC942}") = "ProxyProj", "ProxyProj\ProxyProj.vcxproj", "{96B3EC80-8AC8-4E70-909B-281271F2E5E6}"
EndProject
Project("{8BC9CEB8-8B4A-11D0-8D11-00A0C91BC942}") = "FlyWeightPro", "FlyWeightPro\FlyWeightPro.vcxproj", "{5AE1E3B1-DA41-41FA-94EA-DF17BE358493}"
EndProject
Project("{8BC9CEB8-8B4A-11D0-8D11-00A0C91BC942}") = "BriageProj", "BriageProj\BriageProj.vcxproj", "{3FB85C22-030C-46D8-9397-DC20C38BC28B}"
EndProject
Project("{8BC9CEB8-8B4A-11D0-8D11-00A0C91BC942}") = "StrategyProj", "StrategyProj\StrategyProj.vcxproj", "{12F0004C-08C1-4F1B-9D01-0659B4D1E1E9}"
EndProject
Project("{8BC9CEB8-8B4A-11D0-8D11-00A0C91BC942}") = "ObserverProj", "ObserverProj\ObserverProj.vcxproj", "{BED82AC6-C6AC-47CA-A94B-BDE89CF3E1F8}"
EndProject
Project("{8BC9CEB8-8B4A-11D0-8D11-00A0C91BC942}") = "IteratorProj", "IteratorProj\IteratorProj.vcxproj", "{E3B14ECB-CE71-4B0A-B693-82FCF2EB3F98}"
EndProject
Project("{8BC9CEB8-8B4A-11D0-8D11-00A0C91BC942}") = "ChainOfResponse", "ChainOfResponse\ChainOfResponse.vcxproj", "{D4B42C1D-5F10-4CE4-B082-A6AC634A9E84}"
EndProject
Project("{8BC9CEB8-8B4A-11D0-8D11-00A0C91BC942}") = "CommandProj", "CommandProj\CommandProj.vcxproj", "{B3CE2B4D-6266-4353-B897-882A105F502A}"
EndProject
Project("{8BC9CEB8-8B4A-11D0-8D11-00A0C91BC942}") = "MomentoProj", "MomentoProj\MomentoProj.vcxproj", "{3247B301-5718-45D7-BAC0-10C379B933CC}"
EndProject
Project("{8BC9CEB8-8B4A-11D0-8D11-00A0C91BC942}") = "StatusProj", "StatusProj\StatusProj.vcxproj", "{51E16B0E-BF02-476B-9057-539C977A568A}"
EndProject
Project("{8BC9CEB8-8B4A-11D0-8D11-00A0C91BC942}") = "VisitorProj", "VisitorProj\VisitorProj.vcxproj", "{3C06E338-949D-4549-AF47-B1C3B0BF3283}"
EndProject
Project("{8BC9CEB8-8B4A-11D0-8D11-00A0C91BC942}") = "MediatorProj", "MediatorProj\MediatorProj.vcxproj", "{7D85B898-07BE-46E7-963B-0D10474FC406}"
EndProject
Global
	GlobalSection(SolutionConfigurationPlatforms) = preSolution
		Debug|x64 = Debug|x64
		Debug|x86 = Debug|x86
		Release|x64 = Release|x64
		Release|x86 = Release|x86
	EndGlobalSection
	GlobalSection(ProjectConfigurationPlatforms) = postSolution
		{C93E9A7E-87C6-4D4D-A745-651F95AEE57C}.Debug|x64.ActiveCfg = Debug|x64
		{C93E9A7E-87C6-4D4D-A745-651F95AEE57C}.Debug|x64.Build.0 = Debug|x64
		{C93E9A7E-87C6-4D4D-A745-651F95AEE57C}.Debug|x86.ActiveCfg = Debug|Win32
		{C93E9A7E-87C6-4D4D-A745-651F95AEE57C}.Debug|x86.Build.0 = Debug|Win32
		{C93E9A7E-87C6-4D4D-A745-651F95AEE57C}.Release|x64.ActiveCfg = Release|x64
		{C93E9A7E-87C6-4D4D-A745-651F95AEE57C}.Release|x64.Build.0 = Release|x64
		{C93E9A7E-87C6-4D4D-A745-651F95AEE57C}.Release|x86.ActiveCfg = Release|Win32
		{C93E9A7E-87C6-4D4D-A745-651F95AEE57C}.Release|x86.Build.0 = Release|Win32
		{CE71F7AD-C435-4741-B907-639BF4E344E6}.Debug|x64.ActiveCfg = Debug|x64
		{CE71F7AD-C435-4741-B907-639BF4E344E6}.Debug|x64.Build.0 = Debug|x64
		{CE71F7AD-C435-4741-B907-639BF4E344E6}.Debug|x86.ActiveCfg = Debug|Win32
		{CE71F7AD-C435-4741-B907-639BF4E344E6}.Debug|x86.Build.0 = Debug|Win32
		{CE71F7AD-C435-4741-B907-639BF4E344E6}.Release|x64.ActiveCfg = Release|x64
		{CE71F7AD-C435-4741-B907-639BF4E344E6}.Release|x64.Build.0 = Release|x64
		{CE71F7AD-C435-4741-B907-639BF4E344E6}.Release|x86.ActiveCfg = Release|Win32
		{CE71F7AD-C435-4741-B907-639BF4E344E6}.Release|x86.Build.0 = Release|Win32
		{284C6329-945E-44F2-B994-A19EE6EB2881}.Debug|x64.ActiveCfg = Debug|x64
		{284C6329-945E-44F2-B994-A19EE6EB2881}.Debug|x64.Build.0 = Debug|x64
		{284C6329-945E-44F2-B994-A19EE6EB2881}.Debug|x86.ActiveCfg = Debug|Win32
		{284C6329-945E-44F2-B994-A19EE6EB2881}.Debug|x86.Build.0 = Debug|Win32
		{284C6329-945E-44F2-B994-A19EE6EB2881}.Release|x64.ActiveCfg = Release|x64
		{284C6329-945E-44F2-B994-A19EE6EB2881}.Release|x64.Build.0 = Release|x64
		{284C6329-945E-44F2-B994-A19EE6EB2881}.Release|x86.ActiveCfg = Release|Win32
		{284C6329-945E-44F2-B994-A19EE6EB2881}.Release|x86.Build.0 = Release|Win32
		{AE00F14A-50BF-4F6A-B7D4-66520063804B}.Debug|x64.ActiveCfg = Debug|x64
		{AE00F14A-50BF-4F6A-B7D4-66520063804B}.Debug|x64.Build.0 = Debug|x64
		{AE00F14A-50BF-4F6A-B7D4-66520063804B}.Debug|x86.ActiveCfg = Debug|Win32
		{AE00F14A-50BF-4F6A-B7D4-66520063804B}.Debug|x86.Build.0 = Debug|Win32
		{AE00F14A-50BF-4F6A-B7D4-66520063804B}.Release|x64.ActiveCfg = Release|x64
		{AE00F14A-50BF-4F6A-B7D4-66520063804B}.Release|x64.Build.0 = Release|x64
		{AE00F14A-50BF-4F6A-B7D4-66520063804B}.Release|x86.ActiveCfg = Release|Win32
		{AE00F14A-50BF-4F6A-B7D4-66520063804B}.Release|x86.Build.0 = Release|Win32
		{EB689CD7-3B0D-4C55-85AB-F7115E09C711}.Debug|x64.ActiveCfg = Debug|x64
		{EB689CD7-3B0D-4C55-85AB-F7115E09C711}.Debug|x64.Build.0 = Debug|x64
		{EB689CD7-3B0D-4C55-85AB-F7115E09C711}.Debug|x86.ActiveCfg = Debug|Win32
		{EB689CD7-3B0D-4C55-85AB-F7115E09C711}.Debug|x86.Build.0 = Debug|Win32
		{EB689CD7-3B0D-4C55-85AB-F7115E09C711}.Release|x64.ActiveCfg = Release|x64
		{EB689CD7-3B0D-4C55-85AB-F7115E09C711}.Release|x64.Build.0 = Release|x64
		{EB689CD7-3B0D-4C55-85AB-F7115E09C711}.Release|x86.ActiveCfg = Release|Win32
		{EB689CD7-3B0D-4C55-85AB-F7115E09C711}.Release|x86.Build.0 = Release|Win32
		{873A190A-A831-4D36-8220-AE64756CEDD5}.Debug|x64.ActiveCfg = Debug|x64
		{873A190A-A831-4D36-8220-AE64756CEDD5}.Debug|x64.Build.0 = Debug|x64
		{873A190A-A831-4D36-8220-AE64756CEDD5}.Debug|x86.ActiveCfg = Debug|Win32
		{873A190A-A831-4D36-8220-AE64756CEDD5}.Debug|x86.Build.0 = Debug|Win32
		{873A190A-A831-4D36-8220-AE64756CEDD5}.Release|x64.ActiveCfg = Release|x64
		{873A190A-A831-4D36-8220-AE64756CEDD5}.Release|x64.Build.0 = Release|x64
		{873A190A-A831-4D36-8220-AE64756CEDD5}.Release|x86.ActiveCfg = Release|Win32
		{873A190A-A831-4D36-8220-AE64756CEDD5}.Release|x86.Build.0 = Release|Win32
		{B93F7804-7E09-4420-B345-E361994AF59D}.Debug|x64.ActiveCfg = Debug|x64
		{B93F7804-7E09-4420-B345-E361994AF59D}.Debug|x64.Build.0 = Debug|x64
		{B93F7804-7E09-4420-B345-E361994AF59D}.Debug|x86.ActiveCfg = Debug|Win32
		{B93F7804-7E09-4420-B345-E361994AF59D}.Debug|x86.Build.0 = Debug|Win32
		{B93F7804-7E09-4420-B345-E361994AF59D}.Release|x64.ActiveCfg = Release|x64
		{B93F7804-7E09-4420-B345-E361994AF59D}.Release|x64.Build.0 = Release|x64
		{B93F7804-7E09-4420-B345-E361994AF59D}.Release|x86.ActiveCfg = Release|Win32
		{B93F7804-7E09-4420-B345-E361994AF59D}.Release|x86.Build.0 = Release|Win32
		{23686C82-ABAD-4E45-9B5E-B0F88B2BF661}.Debug|x64.ActiveCfg = Debug|x64
		{23686C82-ABAD-4E45-9B5E-B0F88B2BF661}.Debug|x64.Build.0 = Debug|x64
		{23686C82-ABAD-4E45-9B5E-B0F88B2BF661}.Debug|x86.ActiveCfg = Debug|Win32
		{23686C82-ABAD-4E45-9B5E-B0F88B2BF661}.Debug|x86.Build.0 = Debug|Win32
		{23686C82-ABAD-4E45-9B5E-B0F88B2BF661}.Release|x64.ActiveCfg = Release|x64
		{23686C82-ABAD-4E45-9B5E-B0F88B2BF661}.Release|x64.Build.0 = Release|x64
		{23686C82-ABAD-4E45-9B5E-B0F88B2BF661}.Release|x86.ActiveCfg = Release|Win32
		{23686C82-ABAD-4E45-9B5E-B0F88B2BF661}.Release|x86.Build.0 = Release|Win32
		{D9E29745-4EB0-46AE-983D-46E5FB43C39B}.Debug|x64.ActiveCfg = Debug|x64
		{D9E29745-4EB0-46AE-983D-46E5FB43C39B}.Debug|x64.Build.0 = Debug|x64
		{D9E29745-4EB0-46AE-983D-46E5FB43C39B}.Debug|x86.ActiveCfg = Debug|Win32
		{D9E29745-4EB0-46AE-983D-46E5FB43C39B}.Debug|x86.Build.0 = Debug|Win32
		{D9E29745-4EB0-46AE-983D-46E5FB43C39B}.Release|x64.ActiveCfg = Release|x64
		{D9E29745-4EB0-46AE-983D-46E5FB43C39B}.Release|x64.Build.0 = Release|x64
		{D9E29745-4EB0-46AE-983D-46E5FB43C39B}.Release|x86.ActiveCfg = Release|Win32
		{D9E29745-4EB0-46AE-983D-46E5FB43C39B}.Release|x86.Build.0 = Release|Win32
		{4C4AF735-E246-47AF-BE06-FFB53930EC40}.Debug|x64.ActiveCfg = Debug|x64
		{4C4AF735-E246-47AF-BE06-FFB53930EC40}.Debug|x64.Build.0 = Debug|x64
		{4C4AF735-E246-47AF-BE06-FFB53930EC40}.Debug|x86.ActiveCfg = Debug|Win32
		{4C4AF735-E246-47AF-BE06-FFB53930EC40}.Debug|x86.Build.0 = Debug|Win32
		{4C4AF735-E246-47AF-BE06-FFB53930EC40}.Release|x64.ActiveCfg = Release|x64
		{4C4AF735-E246-47AF-BE06-FFB53930EC40}.Release|x64.Build.0 = Release|x64
		{4C4AF735-E246-47AF-BE06-FFB53930EC40}.Release|x86.ActiveCfg = Release|Win32
		{4C4AF735-E246-47AF-BE06-FFB53930EC40}.Release|x86.Build.0 = Release|Win32
		{9D2698C3-5849-44B7-8909-E6A45F3C8B69}.Debug|x64.ActiveCfg = Debug|x64
		{9D2698C3-5849-44B7-8909-E6A45F3C8B69}.Debug|x64.Build.0 = Debug|x64
		{9D2698C3-5849-44B7-8909-E6A45F3C8B69}.Debug|x86.ActiveCfg = Debug|Win32
		{9D2698C3-5849-44B7-8909-E6A45F3C8B69}.Debug|x86.Build.0 = Debug|Win32
		{9D2698C3-5849-44B7-8909-E6A45F3C8B69}.Release|x64.ActiveCfg = Release|x64
		{9D2698C3-5849-44B7-8909-E6A45F3C8B69}.Release|x64.Build.0 = Release|x64
		{9D2698C3-5849-44B7-8909-E6A45F3C8B69}.Release|x86.ActiveCfg = Release|Win32
		{9D2698C3-5849-44B7-8909-E6A45F3C8B69}.Release|x86.Build.0 = Release|Win32
		{96B3EC80-8AC8-4E70-909B-281271F2E5E6}.Debug|x64.ActiveCfg = Debug|x64
		{96B3EC80-8AC8-4E70-909B-281271F2E5E6}.Debug|x64.Build.0 = Debug|x64
		{96B3EC80-8AC8-4E70-909B-281271F2E5E6}.Debug|x86.ActiveCfg = Debug|Win32
		{96B3EC80-8AC8-4E70-909B-281271F2E5E6}.Debug|x86.Build.0 = Debug|Win32
		{96B3EC80-8AC8-4E70-909B-281271F2E5E6}.Release|x64.ActiveCfg = Release|x64
		{96B3EC80-8AC8-4E70-909B-281271F2E5E6}.Release|x64.Build.0 = Release|x64
		{96B3EC80-8AC8-4E70-909B-281271F2E5E6}.Release|x86.ActiveCfg = Release|Win32
		{96B3EC80-8AC8-4E70-909B-281271F2E5E6}.Release|x86.Build.0 = Release|Win32
		{5AE1E3B1-DA41-41FA-94EA-DF17BE358493}.Debug|x64.ActiveCfg = Debug|x64
		{5AE1E3B1-DA41-41FA-94EA-DF17BE358493}.Debug|x64.Build.0 = Debug|x64
		{5AE1E3B1-DA41-41FA-94EA-DF17BE358493}.Debug|x86.ActiveCfg = Debug|Win32
		{5AE1E3B1-DA41-41FA-94EA-DF17BE358493}.Debug|x86.Build.0 = Debug|Win32
		{5AE1E3B1-DA41-41FA-94EA-DF17BE358493}.Release|x64.ActiveCfg = Release|x64
		{5AE1E3B1-DA41-41FA-94EA-DF17BE358493}.Release|x64.Build.0 = Release|x64
		{5AE1E3B1-DA41-41FA-94EA-DF17BE358493}.Release|x86.ActiveCfg = Release|Win32
		{5AE1E3B1-DA41-41FA-94EA-DF17BE358493}.Release|x86.Build.0 = Release|Win32
		{3FB85C22-030C-46D8-9397-DC20C38BC28B}.Debug|x64.ActiveCfg = Debug|x64
		{3FB85C22-030C-46D8-9397-DC20C38BC28B}.Debug|x64.Build.0 = Debug|x64
		{3FB85C22-030C-46D8-9397-DC20C38BC28B}.Debug|x86.ActiveCfg = Debug|Win32
		{3FB85C22-030C-46D8-9397-DC20C38BC28B}.Debug|x86.Build.0 = Debug|Win32
		{3FB85C22-030C-46D8-9397-DC20C38BC28B}.Release|x64.ActiveCfg = Release|x64
		{3FB85C22-030C-46D8-9397-DC20C38BC28B}.Release|x64.Build.0 = Release|x64
		{3FB85C22-030C-46D8-9397-DC20C38BC28B}.Release|x86.ActiveCfg = Release|Win32
		{3FB85C22-030C-46D8-9397-DC20C38BC28B}.Release|x86.Build.0 = Release|Win32
		{12F0004C-08C1-4F1B-9D01-0659B4D1E1E9}.Debug|x64.ActiveCfg = Debug|x64
		{12F0004C-08C1-4F1B-9D01-0659B4D1E1E9}.Debug|x64.Build.0 = Debug|x64
		{12F0004C-08C1-4F1B-9D01-0659B4D1E1E9}.Debug|x86.ActiveCfg = Debug|Win32
		{12F0004C-08C1-4F1B-9D01-0659B4D1E1E9}.Debug|x86.Build.0 = Debug|Win32
		{12F0004C-08C1-4F1B-9D01-0659B4D1E1E9}.Release|x64.ActiveCfg = Release|x64
		{12F0004C-08C1-4F1B-9D01-0659B4D1E1E9}.Release|x64.Build.0 = Release|x64
		{12F0004C-08C1-4F1B-9D01-0659B4D1E1E9}.Release|x86.ActiveCfg = Release|Win32
		{12F0004C-08C1-4F1B-9D01-0659B4D1E1E9}.Release|x86.Build.0 = Release|Win32
		{BED82AC6-C6AC-47CA-A94B-BDE89CF3E1F8}.Debug|x64.ActiveCfg = Debug|x64
		{BED82AC6-C6AC-47CA-A94B-BDE89CF3E1F8}.Debug|x64.Build.0 = Debug|x64
		{BED82AC6-C6AC-47CA-A94B-BDE89CF3E1F8}.Debug|x86.ActiveCfg = Debug|Win32
		{BED82AC6-C6AC-47CA-A94B-BDE89CF3E1F8}.Debug|x86.Build.0 = Debug|Win32
		{BED82AC6-C6AC-47CA-A94B-BDE89CF3E1F8}.Release|x64.ActiveCfg = Release|x64
		{BED82AC6-C6AC-47CA-A94B-BDE89CF3E1F8}.Release|x64.Build.0 = Release|x64
		{BED82AC6-C6AC-47CA-A94B-BDE89CF3E1F8}.Release|x86.ActiveCfg = Release|Win32
		{BED82AC6-C6AC-47CA-A94B-BDE89CF3E1F8}.Release|x86.Build.0 = Release|Win32
		{E3B14ECB-CE71-4B0A-B693-82FCF2EB3F98}.Debug|x64.ActiveCfg = Debug|x64
		{E3B14ECB-CE71-4B0A-B693-82FCF2EB3F98}.Debug|x64.Build.0 = Debug|x64
		{E3B14ECB-CE71-4B0A-B693-82FCF2EB3F98}.Debug|x86.ActiveCfg = Debug|Win32
		{E3B14ECB-CE71-4B0A-B693-82FCF2EB3F98}.Debug|x86.Build.0 = Debug|Win32
		{E3B14ECB-CE71-4B0A-B693-82FCF2EB3F98}.Release|x64.ActiveCfg = Release|x64
		{E3B14ECB-CE71-4B0A-B693-82FCF2EB3F98}.Release|x64.Build.0 = Release|x64
		{E3B14ECB-CE71-4B0A-B693-82FCF2EB3F98}.Release|x86.ActiveCfg = Release|Win32
		{E3B14ECB-CE71-4B0A-B693-82FCF2EB3F98}.Release|x86.Build.0 = Release|Win32
		{D4B42C1D-5F10-4CE4-B082-A6AC634A9E84}.Debug|x64.ActiveCfg = Debug|x64
		{D4B42C1D-5F10-4CE4-B082-A6AC634A9E84}.Debug|x64.Build.0 = Debug|x64
		{D4B42C1D-5F10-4CE4-B082-A6AC634A9E84}.Debug|x86.ActiveCfg = Debug|Win32
		{D4B42C1D-5F10-4CE4-B082-A6AC634A9E84}.Debug|x86.Build.0 = Debug|Win32
		{D4B42C1D-5F10-4CE4-B082-A6AC634A9E84}.Release|x64.ActiveCfg = Release|x64
		{D4B42C1D-5F10-4CE4-B082-A6AC634A9E84}.Release|x64.Build.0 = Release|x64
		{D4B42C1D-5F10-4CE4-B082-A6AC634A9E84}.Release|x86.ActiveCfg = Release|Win32
		{D4B42C1D-5F10-4CE4-B082-A6AC634A9E84}.Release|x86.Build.0 = Release|Win32
		{B3CE2B4D-6266-4353-B897-882A105F502A}.Debug|x64.ActiveCfg = Debug|x64
		{B3CE2B4D-6266-4353-B897-882A105F502A}.Debug|x64.Build.0 = Debug|x64
		{B3CE2B4D-6266-4353-B897-882A105F502A}.Debug|x86.ActiveCfg = Debug|Win32
		{B3CE2B4D-6266-4353-B897-882A105F502A}.Debug|x86.Build.0 = Debug|Win32
		{B3CE2B4D-6266-4353-B897-882A105F502A}.Release|x64.ActiveCfg = Release|x64
		{B3CE2B4D-6266-4353-B897-882A105F502A}.Release|x64.Build.0 = Release|x64
		{B3CE2B4D-6266-4353-B897-882A105F502A}.Release|x86.ActiveCfg = Release|Win32
		{B3CE2B4D-6266-4353-B897-882A105F502A}.Release|x86.Build.0 = Release|Win32
		{3247B301-5718-45D7-BAC0-10C379B933CC}.Debug|x64.ActiveCfg = Debug|x64
		{3247B301-5718-45D7-BAC0-10C379B933CC}.Debug|x64.Build.0 = Debug|x64
		{3247B301-5718-45D7-BAC0-10C379B933CC}.Debug|x86.ActiveCfg = Debug|Win32
		{3247B301-5718-45D7-BAC0-10C379B933CC}.Debug|x86.Build.0 = Debug|Win32
		{3247B301-5718-45D7-BAC0-10C379B933CC}.Release|x64.ActiveCfg = Release|x64
		{3247B301-5718-45D7-BAC0-10C379B933CC}.Release|x64.Build.0 = Release|x64
		{3247B301-5718-45D7-BAC0-10C379B933CC}.Release|x86.ActiveCfg = Release|Win32
		{3247B301-5718-45D7-BAC0-10C379B933CC}.Release|x86.Build.0 = Release|Win32
		{51E16B0E-BF02-476B-9057-539C977A568A}.Debug|x64.ActiveCfg = Debug|x64
		{51E16B0E-BF02-476B-9057-539C977A568A}.Debug|x64.Build.0 = Debug|x64
		{51E16B0E-BF02-476B-9057-539C977A568A}.Debug|x86.ActiveCfg = Debug|Win32
		{51E16B0E-BF02-476B-9057-539C977A568A}.Debug|x86.Build.0 = Debug|Win32
		{51E16B0E-BF02-476B-9057-539C977A568A}.Release|x64.ActiveCfg = Release|x64
		{51E16B0E-BF02-476B-9057-539C977A568A}.Release|x64.Build.0 = Release|x64
		{51E16B0E-BF02-476B-9057-539C977A568A}.Release|x86.ActiveCfg = Release|Win32
		{51E16B0E-BF02-476B-9057-539C977A568A}.Release|x86.Build.0 = Release|Win32
		{3C06E338-949D-4549-AF47-B1C3B0BF3283}.Debug|x64.ActiveCfg = Debug|x64
		{3C06E338-949D-4549-AF47-B1C3B0BF3283}.Debug|x64.Build.0 = Debug|x64
		{3C06E338-949D-4549-AF47-B1C3B0BF3283}.Debug|x86.ActiveCfg = Debug|Win32
		{3C06E338-949D-4549-AF47-B1C3B0BF3283}.Debug|x86.Build.0 = Debug|Win32
		{3C06E338-949D-4549-AF47-B1C3B0BF3283}.Release|x64.ActiveCfg = Release|x64
		{3C06E338-949D-4549-AF47-B1C3B0BF3283}.Release|x64.Build.0 = Release|x64
		{3C06E338-949D-4549-AF47-B1C3B0BF3283}.Release|x86.ActiveCfg = Release|Win32
		{3C06E338-949D-4549-AF47-B1C3B0BF3283}.Release|x86.Build.0 = Release|Win32
		{7D85B898-07BE-46E7-963B-0D10474FC406}.Debug|x64.ActiveCfg = Debug|x64
		{7D85B898-07BE-46E7-963B-0D10474FC406}.Debug|x64.Build.0 = Debug|x64
		{7D85B898-07BE-46E7-963B-0D10474FC406}.Debug|x86.ActiveCfg = Debug|Win32
		{7D85B898-07BE-46E7-963B-0D10474FC406}.Debug|x86.Build.0 = Debug|Win32
		{7D85B898-07BE-46E7-963B-0D10474FC406}.Release|x64.ActiveCfg = Release|x64
		{7D85B898-07BE-46E7-963B-0D10474FC406}.Release|x64.Build.0 = Release|x64
		{7D85B898-07BE-46E7-963B-0D10474FC406}.Release|x86.ActiveCfg = Release|Win32
		{7D85B898-07BE-46E7-963B-0D10474FC406}.Release|x86.Build.0 = Release|Win32
	EndGlobalSection
	GlobalSection(SolutionProperties) = preSolution
		HideSolutionNode = FALSE
	EndGlobalSection
EndGlobal
